
Microsoft Visual Studio Solution File, Format Version 12.00
# Visual Studio 15
VisualStudioVersion = 15.0.28307.1022
MinimumVisualStudioVersion = 10.0.40219.1
Project("{FAE04EC0-301F-11D3-BF4B-00C04F79EFBC}") = "Zadatak_1", "Zadatak_1\Zadatak_1.csproj", "{3015D02C-1DEB-42E6-A445-CCB45C150689}"
EndProject
Global
	GlobalSection(SolutionConfigurationPlatforms) = preSolution
		Debug|Any CPU = Debug|Any CPU
		Release|Any CPU = Release|Any CPU
	EndGlobalSection
	GlobalSection(ProjectConfigurationPlatforms) = postSolution
		{3015D02C-1DEB-42E6-A445-CCB45C150689}.Debug|Any CPU.ActiveCfg = Debug|Any CPU
		{3015D02C-1DEB-42E6-A445-CCB45C150689}.Debug|Any CPU.Build.0 = Debug|Any CPU
		{3015D02C-1DEB-42E6-A445-CCB45C150689}.Release|Any CPU.ActiveCfg = Release|Any CPU
		{3015D02C-1DEB-42E6-A445-CCB45C150689}.Release|Any CPU.Build.0 = Release|Any CPU
	EndGlobalSection
	GlobalSection(SolutionProperties) = preSolution
		HideSolutionNode = FALSE
	EndGlobalSection
	GlobalSection(ExtensibilityGlobals) = postSolution
		SolutionGuid = {6E4DD4FB-06F3-40BA-8DB3-6F8B77EBE104}
	EndGlobalSection
EndGlobal
